
Microsoft Visual Studio Solution File, Format Version 12.00
# Visual Studio Version 17
VisualStudioVersion = 17.0.31903.59
MinimumVisualStudioVersion = 10.0.40219.1
Project("{2150E333-8FDC-42A3-9474-1A3956D46DE8}") = "src", "src", "{827E0CD3-B72D-47B6-A68D-7590B98EB39B}"
EndProject
Project("{FAE04EC0-301F-11D3-BF4B-00C04F79EFBC}") = "MasterData.EventDriven.Domain", "src\MasterData.EventDriven.Domain\MasterData.EventDriven.Domain.csproj", "{2B19B280-CD6D-4258-A395-AE6631FAE40B}"
EndProject
Project("{FAE04EC0-301F-11D3-BF4B-00C04F79EFBC}") = "MasterData.EventDriven.Application", "src\MasterData.EventDriven.Application\MasterData.EventDriven.Application.csproj", "{86541139-D001-4E55-9C96-48BC63035C11}"
EndProject
Project("{FAE04EC0-301F-11D3-BF4B-00C04F79EFBC}") = "MasterData.EventDriven.Infrastructure", "src\MasterData.EventDriven.Infrastructure\MasterData.EventDriven.Infrastructure.csproj", "{4B074CEC-F275-4332-80C8-B36989FE4EDE}"
EndProject
Project("{FAE04EC0-301F-11D3-BF4B-00C04F79EFBC}") = "MasterData.EventDriven.Api", "src\MasterData.EventDriven.Api\MasterData.EventDriven.Api.csproj", "{F1DF97FF-3BF6-48A2-90DC-A123EDE1C8AD}"
EndProject
Global
	GlobalSection(SolutionConfigurationPlatforms) = preSolution
		Debug|Any CPU = Debug|Any CPU
		Debug|x64 = Debug|x64
		Debug|x86 = Debug|x86
		Release|Any CPU = Release|Any CPU
		Release|x64 = Release|x64
		Release|x86 = Release|x86
	EndGlobalSection
	GlobalSection(ProjectConfigurationPlatforms) = postSolution
		{2B19B280-CD6D-4258-A395-AE6631FAE40B}.Debug|Any CPU.ActiveCfg = Debug|Any CPU
		{2B19B280-CD6D-4258-A395-AE6631FAE40B}.Debug|Any CPU.Build.0 = Debug|Any CPU
		{2B19B280-CD6D-4258-A395-AE6631FAE40B}.Debug|x64.ActiveCfg = Debug|Any CPU
		{2B19B280-CD6D-4258-A395-AE6631FAE40B}.Debug|x64.Build.0 = Debug|Any CPU
		{2B19B280-CD6D-4258-A395-AE6631FAE40B}.Debug|x86.ActiveCfg = Debug|Any CPU
		{2B19B280-CD6D-4258-A395-AE6631FAE40B}.Debug|x86.Build.0 = Debug|Any CPU
		{2B19B280-CD6D-4258-A395-AE6631FAE40B}.Release|Any CPU.ActiveCfg = Release|Any CPU
		{2B19B280-CD6D-4258-A395-AE6631FAE40B}.Release|Any CPU.Build.0 = Release|Any CPU
		{2B19B280-CD6D-4258-A395-AE6631FAE40B}.Release|x64.ActiveCfg = Release|Any CPU
		{2B19B280-CD6D-4258-A395-AE6631FAE40B}.Release|x64.Build.0 = Release|Any CPU
		{2B19B280-CD6D-4258-A395-AE6631FAE40B}.Release|x86.ActiveCfg = Release|Any CPU
		{2B19B280-CD6D-4258-A395-AE6631FAE40B}.Release|x86.Build.0 = Release|Any CPU
		{86541139-D001-4E55-9C96-48BC63035C11}.Debug|Any CPU.ActiveCfg = Debug|Any CPU
		{86541139-D001-4E55-9C96-48BC63035C11}.Debug|Any CPU.Build.0 = Debug|Any CPU
		{86541139-D001-4E55-9C96-48BC63035C11}.Debug|x64.ActiveCfg = Debug|Any CPU
		{86541139-D001-4E55-9C96-48BC63035C11}.Debug|x64.Build.0 = Debug|Any CPU
		{86541139-D001-4E55-9C96-48BC63035C11}.Debug|x86.ActiveCfg = Debug|Any CPU
		{86541139-D001-4E55-9C96-48BC63035C11}.Debug|x86.Build.0 = Debug|Any CPU
		{86541139-D001-4E55-9C96-48BC63035C11}.Release|Any CPU.ActiveCfg = Release|Any CPU
		{86541139-D001-4E55-9C96-48BC63035C11}.Release|Any CPU.Build.0 = Release|Any CPU
		{86541139-D001-4E55-9C96-48BC63035C11}.Release|x64.ActiveCfg = Release|Any CPU
		{86541139-D001-4E55-9C96-48BC63035C11}.Release|x64.Build.0 = Release|Any CPU
		{86541139-D001-4E55-9C96-48BC63035C11}.Release|x86.ActiveCfg = Release|Any CPU
		{86541139-D001-4E55-9C96-48BC63035C11}.Release|x86.Build.0 = Release|Any CPU
		{4B074CEC-F275-4332-80C8-B36989FE4EDE}.Debug|Any CPU.ActiveCfg = Debug|Any CPU
		{4B074CEC-F275-4332-80C8-B36989FE4EDE}.Debug|Any CPU.Build.0 = Debug|Any CPU
		{4B074CEC-F275-4332-80C8-B36989FE4EDE}.Debug|x64.ActiveCfg = Debug|Any CPU
		{4B074CEC-F275-4332-80C8-B36989FE4EDE}.Debug|x64.Build.0 = Debug|Any CPU
		{4B074CEC-F275-4332-80C8-B36989FE4EDE}.Debug|x86.ActiveCfg = Debug|Any CPU
		{4B074CEC-F275-4332-80C8-B36989FE4EDE}.Debug|x86.Build.0 = Debug|Any CPU
		{4B074CEC-F275-4332-80C8-B36989FE4EDE}.Release|Any CPU.ActiveCfg = Release|Any CPU
		{4B074CEC-F275-4332-80C8-B36989FE4EDE}.Release|Any CPU.Build.0 = Release|Any CPU
		{4B074CEC-F275-4332-80C8-B36989FE4EDE}.Release|x64.ActiveCfg = Release|Any CPU
		{4B074CEC-F275-4332-80C8-B36989FE4EDE}.Release|x64.Build.0 = Release|Any CPU
		{4B074CEC-F275-4332-80C8-B36989FE4EDE}.Release|x86.ActiveCfg = Release|Any CPU
		{4B074CEC-F275-4332-80C8-B36989FE4EDE}.Release|x86.Build.0 = Release|Any CPU
		{F1DF97FF-3BF6-48A2-90DC-A123EDE1C8AD}.Debug|Any CPU.ActiveCfg = Debug|Any CPU
		{F1DF97FF-3BF6-48A2-90DC-A123EDE1C8AD}.Debug|Any CPU.Build.0 = Debug|Any CPU
		{F1DF97FF-3BF6-48A2-90DC-A123EDE1C8AD}.Debug|x64.ActiveCfg = Debug|Any CPU
		{F1DF97FF-3BF6-48A2-90DC-A123EDE1C8AD}.Debug|x64.Build.0 = Debug|Any CPU
		{F1DF97FF-3BF6-48A2-90DC-A123EDE1C8AD}.Debug|x86.ActiveCfg = Debug|Any CPU
		{F1DF97FF-3BF6-48A2-90DC-A123EDE1C8AD}.Debug|x86.Build.0 = Debug|Any CPU
		{F1DF97FF-3BF6-48A2-90DC-A123EDE1C8AD}.Release|Any CPU.ActiveCfg = Release|Any CPU
		{F1DF97FF-3BF6-48A2-90DC-A123EDE1C8AD}.Release|Any CPU.Build.0 = Release|Any CPU
		{F1DF97FF-3BF6-48A2-90DC-A123EDE1C8AD}.Release|x64.ActiveCfg = Release|Any CPU
		{F1DF97FF-3BF6-48A2-90DC-A123EDE1C8AD}.Release|x64.Build.0 = Release|Any CPU
		{F1DF97FF-3BF6-48A2-90DC-A123EDE1C8AD}.Release|x86.ActiveCfg = Release|Any CPU
		{F1DF97FF-3BF6-48A2-90DC-A123EDE1C8AD}.Release|x86.Build.0 = Release|Any CPU
	EndGlobalSection
	GlobalSection(SolutionProperties) = preSolution
		HideSolutionNode = FALSE
	EndGlobalSection
	GlobalSection(NestedProjects) = preSolution
		{2B19B280-CD6D-4258-A395-AE6631FAE40B} = {827E0CD3-B72D-47B6-A68D-7590B98EB39B}
		{86541139-D001-4E55-9C96-48BC63035C11} = {827E0CD3-B72D-47B6-A68D-7590B98EB39B}
		{4B074CEC-F275-4332-80C8-B36989FE4EDE} = {827E0CD3-B72D-47B6-A68D-7590B98EB39B}
		{F1DF97FF-3BF6-48A2-90DC-A123EDE1C8AD} = {827E0CD3-B72D-47B6-A68D-7590B98EB39B}
	EndGlobalSection
EndGlobal
