
Microsoft Visual Studio Solution File, Format Version 12.00
# Visual Studio Version 17
VisualStudioVersion = 17.0.31903.59
MinimumVisualStudioVersion = 10.0.40219.1
Project("{2150E333-8FDC-42A3-9474-1A3956D46DE8}") = "src", "src", "{827E0CD3-B72D-47B6-A68D-7590B98EB39B}"
EndProject
Project("{FAE04EC0-301F-11D3-BF4B-00C04F79EFBC}") = "MasterData.DDD.Domain", "src\MasterData.DDD.Domain\MasterData.DDD.Domain.csproj", "{E9128C45-F453-43AD-A3B6-CE41BB3955C1}"
EndProject
Project("{FAE04EC0-301F-11D3-BF4B-00C04F79EFBC}") = "MasterData.DDD.Application", "src\MasterData.DDD.Application\MasterData.DDD.Application.csproj", "{855E8A72-EA4E-42C0-8BDA-C5D51841B6FE}"
EndProject
Project("{FAE04EC0-301F-11D3-BF4B-00C04F79EFBC}") = "MasterData.DDD.Infrastructure", "src\MasterData.DDD.Infrastructure\MasterData.DDD.Infrastructure.csproj", "{2018C4DD-533E-40D5-AC45-0F11C5C9536A}"
EndProject
Project("{FAE04EC0-301F-11D3-BF4B-00C04F79EFBC}") = "MasterData.DDD.Api", "src\MasterData.DDD.Api\MasterData.DDD.Api.csproj", "{12831946-F988-4020-87D8-AFA6A018FD5C}"
EndProject
Global
	GlobalSection(SolutionConfigurationPlatforms) = preSolution
		Debug|Any CPU = Debug|Any CPU
		Debug|x64 = Debug|x64
		Debug|x86 = Debug|x86
		Release|Any CPU = Release|Any CPU
		Release|x64 = Release|x64
		Release|x86 = Release|x86
	EndGlobalSection
	GlobalSection(ProjectConfigurationPlatforms) = postSolution
		{E9128C45-F453-43AD-A3B6-CE41BB3955C1}.Debug|Any CPU.ActiveCfg = Debug|Any CPU
		{E9128C45-F453-43AD-A3B6-CE41BB3955C1}.Debug|Any CPU.Build.0 = Debug|Any CPU
		{E9128C45-F453-43AD-A3B6-CE41BB3955C1}.Debug|x64.ActiveCfg = Debug|Any CPU
		{E9128C45-F453-43AD-A3B6-CE41BB3955C1}.Debug|x64.Build.0 = Debug|Any CPU
		{E9128C45-F453-43AD-A3B6-CE41BB3955C1}.Debug|x86.ActiveCfg = Debug|Any CPU
		{E9128C45-F453-43AD-A3B6-CE41BB3955C1}.Debug|x86.Build.0 = Debug|Any CPU
		{E9128C45-F453-43AD-A3B6-CE41BB3955C1}.Release|Any CPU.ActiveCfg = Release|Any CPU
		{E9128C45-F453-43AD-A3B6-CE41BB3955C1}.Release|Any CPU.Build.0 = Release|Any CPU
		{E9128C45-F453-43AD-A3B6-CE41BB3955C1}.Release|x64.ActiveCfg = Release|Any CPU
		{E9128C45-F453-43AD-A3B6-CE41BB3955C1}.Release|x64.Build.0 = Release|Any CPU
		{E9128C45-F453-43AD-A3B6-CE41BB3955C1}.Release|x86.ActiveCfg = Release|Any CPU
		{E9128C45-F453-43AD-A3B6-CE41BB3955C1}.Release|x86.Build.0 = Release|Any CPU
		{855E8A72-EA4E-42C0-8BDA-C5D51841B6FE}.Debug|Any CPU.ActiveCfg = Debug|Any CPU
		{855E8A72-EA4E-42C0-8BDA-C5D51841B6FE}.Debug|Any CPU.Build.0 = Debug|Any CPU
		{855E8A72-EA4E-42C0-8BDA-C5D51841B6FE}.Debug|x64.ActiveCfg = Debug|Any CPU
		{855E8A72-EA4E-42C0-8BDA-C5D51841B6FE}.Debug|x64.Build.0 = Debug|Any CPU
		{855E8A72-EA4E-42C0-8BDA-C5D51841B6FE}.Debug|x86.ActiveCfg = Debug|Any CPU
		{855E8A72-EA4E-42C0-8BDA-C5D51841B6FE}.Debug|x86.Build.0 = Debug|Any CPU
		{855E8A72-EA4E-42C0-8BDA-C5D51841B6FE}.Release|Any CPU.ActiveCfg = Release|Any CPU
		{855E8A72-EA4E-42C0-8BDA-C5D51841B6FE}.Release|Any CPU.Build.0 = Release|Any CPU
		{855E8A72-EA4E-42C0-8BDA-C5D51841B6FE}.Release|x64.ActiveCfg = Release|Any CPU
		{855E8A72-EA4E-42C0-8BDA-C5D51841B6FE}.Release|x64.Build.0 = Release|Any CPU
		{855E8A72-EA4E-42C0-8BDA-C5D51841B6FE}.Release|x86.ActiveCfg = Release|Any CPU
		{855E8A72-EA4E-42C0-8BDA-C5D51841B6FE}.Release|x86.Build.0 = Release|Any CPU
		{2018C4DD-533E-40D5-AC45-0F11C5C9536A}.Debug|Any CPU.ActiveCfg = Debug|Any CPU
		{2018C4DD-533E-40D5-AC45-0F11C5C9536A}.Debug|Any CPU.Build.0 = Debug|Any CPU
		{2018C4DD-533E-40D5-AC45-0F11C5C9536A}.Debug|x64.ActiveCfg = Debug|Any CPU
		{2018C4DD-533E-40D5-AC45-0F11C5C9536A}.Debug|x64.Build.0 = Debug|Any CPU
		{2018C4DD-533E-40D5-AC45-0F11C5C9536A}.Debug|x86.ActiveCfg = Debug|Any CPU
		{2018C4DD-533E-40D5-AC45-0F11C5C9536A}.Debug|x86.Build.0 = Debug|Any CPU
		{2018C4DD-533E-40D5-AC45-0F11C5C9536A}.Release|Any CPU.ActiveCfg = Release|Any CPU
		{2018C4DD-533E-40D5-AC45-0F11C5C9536A}.Release|Any CPU.Build.0 = Release|Any CPU
		{2018C4DD-533E-40D5-AC45-0F11C5C9536A}.Release|x64.ActiveCfg = Release|Any CPU
		{2018C4DD-533E-40D5-AC45-0F11C5C9536A}.Release|x64.Build.0 = Release|Any CPU
		{2018C4DD-533E-40D5-AC45-0F11C5C9536A}.Release|x86.ActiveCfg = Release|Any CPU
		{2018C4DD-533E-40D5-AC45-0F11C5C9536A}.Release|x86.Build.0 = Release|Any CPU
		{12831946-F988-4020-87D8-AFA6A018FD5C}.Debug|Any CPU.ActiveCfg = Debug|Any CPU
		{12831946-F988-4020-87D8-AFA6A018FD5C}.Debug|Any CPU.Build.0 = Debug|Any CPU
		{12831946-F988-4020-87D8-AFA6A018FD5C}.Debug|x64.ActiveCfg = Debug|Any CPU
		{12831946-F988-4020-87D8-AFA6A018FD5C}.Debug|x64.Build.0 = Debug|Any CPU
		{12831946-F988-4020-87D8-AFA6A018FD5C}.Debug|x86.ActiveCfg = Debug|Any CPU
		{12831946-F988-4020-87D8-AFA6A018FD5C}.Debug|x86.Build.0 = Debug|Any CPU
		{12831946-F988-4020-87D8-AFA6A018FD5C}.Release|Any CPU.ActiveCfg = Release|Any CPU
		{12831946-F988-4020-87D8-AFA6A018FD5C}.Release|Any CPU.Build.0 = Release|Any CPU
		{12831946-F988-4020-87D8-AFA6A018FD5C}.Release|x64.ActiveCfg = Release|Any CPU
		{12831946-F988-4020-87D8-AFA6A018FD5C}.Release|x64.Build.0 = Release|Any CPU
		{12831946-F988-4020-87D8-AFA6A018FD5C}.Release|x86.ActiveCfg = Release|Any CPU
		{12831946-F988-4020-87D8-AFA6A018FD5C}.Release|x86.Build.0 = Release|Any CPU
	EndGlobalSection
	GlobalSection(SolutionProperties) = preSolution
		HideSolutionNode = FALSE
	EndGlobalSection
	GlobalSection(NestedProjects) = preSolution
		{E9128C45-F453-43AD-A3B6-CE41BB3955C1} = {827E0CD3-B72D-47B6-A68D-7590B98EB39B}
		{855E8A72-EA4E-42C0-8BDA-C5D51841B6FE} = {827E0CD3-B72D-47B6-A68D-7590B98EB39B}
		{2018C4DD-533E-40D5-AC45-0F11C5C9536A} = {827E0CD3-B72D-47B6-A68D-7590B98EB39B}
		{12831946-F988-4020-87D8-AFA6A018FD5C} = {827E0CD3-B72D-47B6-A68D-7590B98EB39B}
	EndGlobalSection
EndGlobal
